
Microsoft Visual Studio Solution File, Format Version 12.00
# Visual Studio Version 16
VisualStudioVersion = 16.0.29503.13
MinimumVisualStudioVersion = 10.0.40219.1
Project("{9A19103F-16F7-4668-BE54-9A1E7A4F7556}") = "EventGridWebhook", "event-grid-webhook\EventGridWebhook.csproj", "{21E030B7-4016-4BC2-9545-E89908756446}"
EndProject
Project("{2150E333-8FDC-42A3-9474-1A3956D46DE8}") = "Root", "Root", "{684820A2-6092-4328-A4AF-B6BED7D83EAD}"
	ProjectSection(SolutionItems) = preProject
		.gitignore = .gitignore
	EndProjectSection
EndProject
Project("{2150E333-8FDC-42A3-9474-1A3956D46DE8}") = "Solution Items", "Solution Items", "{17526611-7DE4-4F49-8C66-BA570D87DAA1}"
	ProjectSection(SolutionItems) = preProject
		.editorconfig = .editorconfig
	EndProjectSection
EndProject
Global
	GlobalSection(SolutionConfigurationPlatforms) = preSolution
		Debug|Any CPU = Debug|Any CPU
		Release|Any CPU = Release|Any CPU
	EndGlobalSection
	GlobalSection(ProjectConfigurationPlatforms) = postSolution
		{21E030B7-4016-4BC2-9545-E89908756446}.Debug|Any CPU.ActiveCfg = Debug|Any CPU
		{21E030B7-4016-4BC2-9545-E89908756446}.Debug|Any CPU.Build.0 = Debug|Any CPU
		{21E030B7-4016-4BC2-9545-E89908756446}.Release|Any CPU.ActiveCfg = Release|Any CPU
		{21E030B7-4016-4BC2-9545-E89908756446}.Release|Any CPU.Build.0 = Release|Any CPU
	EndGlobalSection
	GlobalSection(SolutionProperties) = preSolution
		HideSolutionNode = FALSE
	EndGlobalSection
	GlobalSection(ExtensibilityGlobals) = postSolution
		SolutionGuid = {CBA8C416-19C6-4123-8BE5-567C9B89DB36}
	EndGlobalSection
EndGlobal
